
Microsoft Visual Studio Solution File, Format Version 12.00
# Visual Studio Version 16
VisualStudioVersion = 16.0.30406.217
MinimumVisualStudioVersion = 10.0.40219.1
Project("{9A19103F-16F7-4668-BE54-9A1E7A4F7556}") = "HellowIInJam", "HellowIInJam\HellowIInJam.csproj", "{6FDE9BC8-52F9-48A7-BC68-FA1DAB4B65BC}"
EndProject
Global
	GlobalSection(SolutionConfigurationPlatforms) = preSolution
		Debug|Any CPU = Debug|Any CPU
		Release|Any CPU = Release|Any CPU
	EndGlobalSection
	GlobalSection(ProjectConfigurationPlatforms) = postSolution
		{6FDE9BC8-52F9-48A7-BC68-FA1DAB4B65BC}.Debug|Any CPU.ActiveCfg = Debug|Any CPU
		{6FDE9BC8-52F9-48A7-BC68-FA1DAB4B65BC}.Debug|Any CPU.Build.0 = Debug|Any CPU
		{6FDE9BC8-52F9-48A7-BC68-FA1DAB4B65BC}.Release|Any CPU.ActiveCfg = Release|Any CPU
		{6FDE9BC8-52F9-48A7-BC68-FA1DAB4B65BC}.Release|Any CPU.Build.0 = Release|Any CPU
	EndGlobalSection
	GlobalSection(SolutionProperties) = preSolution
		HideSolutionNode = FALSE
	EndGlobalSection
	GlobalSection(ExtensibilityGlobals) = postSolution
		SolutionGuid = {2CCCABFD-808E-4B98-AE3D-1757AC3C739E}
	EndGlobalSection
EndGlobal
